<?xml version="1.0" encoding="utf-8"?>
<Project ToolsVersion="4.0" xmlns="http://schemas.microsoft.com/developer/msbuild/2003">
  <ItemGroup>
    <Filter Include="Velvet">
      <UniqueIdentifier>{1B92DBD7-0734-06AE-F0EE-1902DC2F8DFE}</UniqueIdentifier>
    </Filter>
  </ItemGroup>
  <ItemGroup>
    <ClInclude Include="src\Velvet.h" />
    <ClInclude Include="src\Velvet\Application.h">
      <Filter>Velvet</Filter>
    </ClInclude>
    <ClInclude Include="src\Velvet\Core.h">
      <Filter>Velvet</Filter>
    </ClInclude>
    <ClInclude Include="src\Velvet\EntryPoint.h">
      <Filter>Velvet</Filter>
    </ClInclude>
    <ClInclude Include="src\Velvet\Log.h">
      <Filter>Velvet</Filter>
    </ClInclude>
  </ItemGroup>
  <ItemGroup>
    <ClCompile Include="src\Velvet\Application.cpp">
      <Filter>Velvet</Filter>
    </ClCompile>
    <ClCompile Include="src\Velvet\Log.cpp">
      <Filter>Velvet</Filter>
    </ClCompile>
  </ItemGroup>
</Project>